# This file is automatically @generated by Cargo.
# It is not intended for manual editing.
version = 3

[[package]]
name = "http_req_wasi"
version = "0.10.3"
dependencies = [
 "unicase",
 "wasmedge_rustls_api",
 "wasmedge_wasi_socket",
]

[[package]]
name = "libc"
version = "0.2.139"
source = "registry+https://github.com/rust-lang/crates.io-index"
checksum = "201de327520df007757c1f0adce6e827fe8562fbc28bfd9c15571c66ca1f5f79"

[[package]]
name = "unicase"
version = "2.6.0"
source = "registry+https://github.com/rust-lang/crates.io-index"
checksum = "50f37be617794602aabbeee0be4f259dc1778fabe05e2d67ee8f79326d5cb4f6"
dependencies = [
 "version_check",
]

[[package]]
name = "version_check"
version = "0.9.4"
source = "registry+https://github.com/rust-lang/crates.io-index"
checksum = "49874b5167b65d7193b8aba1567f5c7d93d001cafc34600cee003eda787e483f"

[[package]]
name = "wasmedge_rustls_api"
version = "0.1.0"
source = "registry+https://github.com/rust-lang/crates.io-index"
checksum = "f1bb191f81eb35950fc89c4d309962c32f6221f7616c416e01248da55990b2cb"

[[package]]
name = "wasmedge_wasi_socket"
version = "0.4.3"
source = "registry+https://github.com/rust-lang/crates.io-index"
checksum = "ced1141c1b396ada9db93d9cebca51d600e24825454661157a7429d77421269f"
dependencies = [
 "libc",
]
