# This file is automatically @generated by Cargo.
# It is not intended for manual editing.
version = 3

[[package]]
name = "libc"
version = "0.2.117"
source = "registry+https://github.com/rust-lang/crates.io-index"
checksum = "e74d72e0f9b65b5b4ca49a346af3976df0f9c61d550727f349ecd559f251a26c"

[[package]]
name = "unicase"
version = "2.6.0"
source = "registry+https://github.com/rust-lang/crates.io-index"
checksum = "50f37be617794602aabbeee0be4f259dc1778fabe05e2d67ee8f79326d5cb4f6"
dependencies = [
 "version_check",
]

[[package]]
name = "version_check"
version = "0.9.4"
source = "registry+https://github.com/rust-lang/crates.io-index"
checksum = "49874b5167b65d7193b8aba1567f5c7d93d001cafc34600cee003eda787e483f"

[[package]]
name = "wasmedge_http_req"
version = "0.8.1"
dependencies = [
 "unicase",
 "wasmedge_wasi_socket",
]

[[package]]
name = "wasmedge_wasi_socket"
version = "0.3.0"
source = "git+https://github.com/second-state/wasmedge_wasi_socket.git#e7a7863f13f36d48d096d55029eb72887a86c5b8"
dependencies = [
 "libc",
]
